version: 2.0
shards:
  db:
    git: https://github.com/crystal-lang/crystal-db.git
    version: 0.9.0

  micrate:
    git: https://github.com/amberframework/micrate.git
    version: 0.8.0+git.commit.bf4fb12d5c2f777d33e1b3bef212ad502f000247

  mysql:
    git: https://github.com/crystal-lang/crystal-mysql.git
    version: 0.11.2

  pg:
    git: https://github.com/will/crystal-pg.git
    version: 0.21.1

  sqlite3:
    git: https://github.com/crystal-lang/crystal-sqlite3.git
    version: 0.16.0

